// !$*UTF8*$!
{
	archiveVersion = 1;
	classes = {
	};
	objectVersion = 50;
	objects = {

/* Begin PBXBuildFile section */
		21F5FA282433531400E56AF3 /* ArraySorter.cpp in Sources */ = {isa = PBXBuildFile; fileRef = 21F5FA262433531400E56AF3 /* ArraySorter.cpp */; };
		21F5FA2F2433555B00E56AF3 /* Main.cpp in Sources */ = {isa = PBXBuildFile; fileRef = 21F5FA2E2433555B00E56AF3 /* Main.cpp */; };
		21F5FA312434DAE500E56AF3 /* InsertionSort.cpp in Sources */ = {isa = PBXBuildFile; fileRef = 21F5FA302434DAE500E56AF3 /* InsertionSort.cpp */; };
		21F5FA332434DAF400E56AF3 /* SelectionSort.cpp in Sources */ = {isa = PBXBuildFile; fileRef = 21F5FA322434DAF400E56AF3 /* SelectionSort.cpp */; };
/* End PBXBuildFile section */

/* Begin PBXCopyFilesBuildPhase section */
		21F5FA1A243352EE00E56AF3 /* CopyFiles */ = {
			isa = PBXCopyFilesBuildPhase;
			buildActionMask = 2147483647;
			dstPath = /usr/share/man/man1/;
			dstSubfolderSpec = 0;
			files = (
			);
			runOnlyForDeploymentPostprocessing = 1;
		};
/* End PBXCopyFilesBuildPhase section */

/* Begin PBXFileReference section */
		21F5FA1C243352EE00E56AF3 /* A2 */ = {isa = PBXFileReference; explicitFileType = "compiled.mach-o.executable"; includeInIndex = 0; path = A2; sourceTree = BUILT_PRODUCTS_DIR; };
		21F5FA262433531400E56AF3 /* ArraySorter.cpp */ = {isa = PBXFileReference; lastKnownFileType = sourcecode.cpp.cpp; path = ArraySorter.cpp; sourceTree = "<group>"; };
		21F5FA292433533B00E56AF3 /* ArraySorter.h */ = {isa = PBXFileReference; lastKnownFileType = sourcecode.c.h; path = ArraySorter.h; sourceTree = "<group>"; };
		21F5FA2A2433536100E56AF3 /* InsertionSort.h */ = {isa = PBXFileReference; lastKnownFileType = sourcecode.c.h; path = InsertionSort.h; sourceTree = "<group>"; };
		21F5FA2B2433537500E56AF3 /* SelectionSort.h */ = {isa = PBXFileReference; lastKnownFileType = sourcecode.c.h; path = SelectionSort.h; sourceTree = "<group>"; };
		21F5FA2E2433555B00E56AF3 /* Main.cpp */ = {isa = PBXFileReference; lastKnownFileType = sourcecode.cpp.cpp; path = Main.cpp; sourceTree = "<group>"; };
		21F5FA302434DAE500E56AF3 /* InsertionSort.cpp */ = {isa = PBXFileReference; lastKnownFileType = sourcecode.cpp.cpp; path = InsertionSort.cpp; sourceTree = "<group>"; };
		21F5FA322434DAF400E56AF3 /* SelectionSort.cpp */ = {isa = PBXFileReference; lastKnownFileType = sourcecode.cpp.cpp; path = SelectionSort.cpp; sourceTree = "<group>"; };
/* End PBXFileReference section */

/* Begin PBXFrameworksBuildPhase section */
		21F5FA19243352EE00E56AF3 /* Frameworks */ = {
			isa = PBXFrameworksBuildPhase;
			buildActionMask = 2147483647;
			files = (
			);
			runOnlyForDeploymentPostprocessing = 0;
		};
/* End PBXFrameworksBuildPhase section */

/* Begin PBXGroup section */
		21F5FA13243352EE00E56AF3 = {
			isa = PBXGroup;
			children = (
				21F5FA1E243352EE00E56AF3 /* A2 */,
				21F5FA1D243352EE00E56AF3 /* Products */,
			);
			sourceTree = "<group>";
		};
		21F5FA1D243352EE00E56AF3 /* Products */ = {
			isa = PBXGroup;
			children = (
				21F5FA1C243352EE00E56AF3 /* A2 */,
			);
			name = Products;
			sourceTree = "<group>";
		};
		21F5FA1E243352EE00E56AF3 /* A2 */ = {
			isa = PBXGroup;
			children = (
				21F5FA262433531400E56AF3 /* ArraySorter.cpp */,
				21F5FA322434DAF400E56AF3 /* SelectionSort.cpp */,
				21F5FA302434DAE500E56AF3 /* InsertionSort.cpp */,
				21F5FA292433533B00E56AF3 /* ArraySorter.h */,
				21F5FA2A2433536100E56AF3 /* InsertionSort.h */,
				21F5FA2B2433537500E56AF3 /* SelectionSort.h */,
				21F5FA2E2433555B00E56AF3 /* Main.cpp */,
			);
			path = A2;
			sourceTree = "<group>";
		};
/* End PBXGroup section */

/* Begin PBXNativeTarget section */
		21F5FA1B243352EE00E56AF3 /* A2 */ = {
			isa = PBXNativeTarget;
			buildConfigurationList = 21F5FA23243352EE00E56AF3 /* Build configuration list for PBXNativeTarget "A2" */;
			buildPhases = (
				21F5FA18243352EE00E56AF3 /* Sources */,
				21F5FA19243352EE00E56AF3 /* Frameworks */,
				21F5FA1A243352EE00E56AF3 /* CopyFiles */,
			);
			buildRules = (
			);
			dependencies = (
			);
			name = A2;
			productName = A2;
			productReference = 21F5FA1C243352EE00E56AF3 /* A2 */;
			productType = "com.apple.product-type.tool";
		};
/* End PBXNativeTarget section */

/* Begin PBXProject section */
		21F5FA14243352EE00E56AF3 /* Project object */ = {
			isa = PBXProject;
			attributes = {
				LastUpgradeCheck = 1130;
				ORGANIZATIONNAME = "Kevin Nguyen";
				TargetAttributes = {
					21F5FA1B243352EE00E56AF3 = {
						CreatedOnToolsVersion = 11.3.1;
					};
				};
			};
			buildConfigurationList = 21F5FA17243352EE00E56AF3 /* Build configuration list for PBXProject "A2" */;
			compatibilityVersion = "Xcode 9.3";
			developmentRegion = en;
			hasScannedForEncodings = 0;
			knownRegions = (
				en,
				Base,
			);
			mainGroup = 21F5FA13243352EE00E56AF3;
			productRefGroup = 21F5FA1D243352EE00E56AF3 /* Products */;
			projectDirPath = "";
			projectRoot = "";
			targets = (
				21F5FA1B243352EE00E56AF3 /* A2 */,
			);
		};
/* End PBXProject section */

/* Begin PBXSourcesBuildPhase section */
		21F5FA18243352EE00E56AF3 /* Sources */ = {
			isa = PBXSourcesBuildPhase;
			buildActionMask = 2147483647;
			files = (
				21F5FA332434DAF400E56AF3 /* SelectionSort.cpp in Sources */,
				21F5FA2F2433555B00E56AF3 /* Main.cpp in Sources */,
				21F5FA282433531400E56AF3 /* ArraySorter.cpp in Sources */,
				21F5FA312434DAE500E56AF3 /* InsertionSort.cpp in Sources */,
			);
			runOnlyForDeploymentPostprocessing = 0;
		};
/* End PBXSourcesBuildPhase section */

/* Begin XCBuildConfiguration section */
		21F5FA21243352EE00E56AF3 /* Debug */ = {
			isa = XCBuildConfiguration;
			buildSettings = {
				ALWAYS_SEARCH_USER_PATHS = NO;
				CLANG_ANALYZER_NONNULL = YES;
				CLANG_ANALYZER_NUMBER_OBJECT_CONVERSION = YES_AGGRESSIVE;
				CLANG_CXX_LANGUAGE_STANDARD = "gnu++14";
				CLANG_CXX_LIBRARY = "libc++";
				CLANG_ENABLE_MODULES = YES;
				CLANG_ENABLE_OBJC_ARC = YES;
				CLANG_ENABLE_OBJC_WEAK = YES;
				CLANG_WARN_BLOCK_CAPTURE_AUTORELEASING = YES;
				CLANG_WARN_BOOL_CONVERSION = YES;
				CLANG_WARN_COMMA = YES;
				CLANG_WARN_CONSTANT_CONVERSION = YES;
				CLANG_WARN_DEPRECATED_OBJC_IMPLEMENTATIONS = YES;
				CLANG_WARN_DIRECT_OBJC_ISA_USAGE = YES_ERROR;
				CLANG_WARN_DOCUMENTATION_COMMENTS = YES;
				CLANG_WARN_EMPTY_BODY = YES;
				CLANG_WARN_ENUM_CONVERSION = YES;
				CLANG_WARN_INFINITE_RECURSION = YES;
				CLANG_WARN_INT_CONVERSION = YES;
				CLANG_WARN_NON_LITERAL_NULL_CONVERSION = YES;
				CLANG_WARN_OBJC_IMPLICIT_RETAIN_SELF = YES;
				CLANG_WARN_OBJC_LITERAL_CONVERSION = YES;
				CLANG_WARN_OBJC_ROOT_CLASS = YES_ERROR;
				CLANG_WARN_RANGE_LOOP_ANALYSIS = YES;
				CLANG_WARN_STRICT_PROTOTYPES = YES;
				CLANG_WARN_SUSPICIOUS_MOVE = YES;
				CLANG_WARN_UNGUARDED_AVAILABILITY = YES_AGGRESSIVE;
				CLANG_WARN_UNREACHABLE_CODE = YES;
				CLANG_WARN__DUPLICATE_METHOD_MATCH = YES;
				COPY_PHASE_STRIP = NO;
				DEBUG_INFORMATION_FORMAT = dwarf;
				ENABLE_STRICT_OBJC_MSGSEND = YES;
				ENABLE_TESTABILITY = YES;
				GCC_C_LANGUAGE_STANDARD = gnu11;
				GCC_DYNAMIC_NO_PIC = NO;
				GCC_NO_COMMON_BLOCKS = YES;
				GCC_OPTIMIZATION_LEVEL = 0;
				GCC_PREPROCESSOR_DEFINITIONS = (
					"DEBUG=1",
					"$(inherited)",
				);
				GCC_WARN_64_TO_32_BIT_CONVERSION = YES;
				GCC_WARN_ABOUT_RETURN_TYPE = YES_ERROR;
				GCC_WARN_UNDECLARED_SELECTOR = YES;
				GCC_WARN_UNINITIALIZED_AUTOS = YES_AGGRESSIVE;
				GCC_WARN_UNUSED_FUNCTION = YES;
				GCC_WARN_UNUSED_VARIABLE = YES;
				MACOSX_DEPLOYMENT_TARGET = 10.14;
				MTL_ENABLE_DEBUG_INFO = INCLUDE_SOURCE;
				MTL_FAST_MATH = YES;
				ONLY_ACTIVE_ARCH = YES;
				SDKROOT = macosx;
			};
			name = Debug;
		};
		21F5FA22243352EE00E56AF3 /* Release */ = {
			isa = XCBuildConfiguration;
			buildSettings = {
				ALWAYS_SEARCH_USER_PATHS = NO;
				CLANG_ANALYZER_NONNULL = YES;
				CLANG_ANALYZER_NUMBER_OBJECT_CONVERSION = YES_AGGRESSIVE;
				CLANG_CXX_LANGUAGE_STANDARD = "gnu++14";
				CLANG_CXX_LIBRARY = "libc++";
				CLANG_ENABLE_MODULES = YES;
				CLANG_ENABLE_OBJC_ARC = YES;
				CLANG_ENABLE_OBJC_WEAK = YES;
				CLANG_WARN_BLOCK_CAPTURE_AUTORELEASING = YES;
				CLANG_WARN_BOOL_CONVERSION = YES;
				CLANG_WARN_COMMA = YES;
				CLANG_WARN_CONSTANT_CONVERSION = YES;
				CLANG_WARN_DEPRECATED_OBJC_IMPLEMENTATIONS = YES;
				CLANG_WARN_DIRECT_OBJC_ISA_USAGE = YES_ERROR;
				CLANG_WARN_DOCUMENTATION_COMMENTS = YES;
				CLANG_WARN_EMPTY_BODY = YES;
				CLANG_WARN_ENUM_CONVERSION = YES;
				CLANG_WARN_INFINITE_RECURSION = YES;
				CLANG_WARN_INT_CONVERSION = YES;
				CLANG_WARN_NON_LITERAL_NULL_CONVERSION = YES;
				CLANG_WARN_OBJC_IMPLICIT_RETAIN_SELF = YES;
				CLANG_WARN_OBJC_LITERAL_CONVERSION = YES;
				CLANG_WARN_OBJC_ROOT_CLASS = YES_ERROR;
				CLANG_WARN_RANGE_LOOP_ANALYSIS = YES;
				CLANG_WARN_STRICT_PROTOTYPES = YES;
				CLANG_WARN_SUSPICIOUS_MOVE = YES;
				CLANG_WARN_UNGUARDED_AVAILABILITY = YES_AGGRESSIVE;
				CLANG_WARN_UNREACHABLE_CODE = YES;
				CLANG_WARN__DUPLICATE_METHOD_MATCH = YES;
				COPY_PHASE_STRIP = NO;
				DEBUG_INFORMATION_FORMAT = "dwarf-with-dsym";
				ENABLE_NS_ASSERTIONS = NO;
				ENABLE_STRICT_OBJC_MSGSEND = YES;
				GCC_C_LANGUAGE_STANDARD = gnu11;
				GCC_NO_COMMON_BLOCKS = YES;
				GCC_WARN_64_TO_32_BIT_CONVERSION = YES;
				GCC_WARN_ABOUT_RETURN_TYPE = YES_ERROR;
				GCC_WARN_UNDECLARED_SELECTOR = YES;
				GCC_WARN_UNINITIALIZED_AUTOS = YES_AGGRESSIVE;
				GCC_WARN_UNUSED_FUNCTION = YES;
				GCC_WARN_UNUSED_VARIABLE = YES;
				MACOSX_DEPLOYMENT_TARGET = 10.14;
				MTL_ENABLE_DEBUG_INFO = NO;
				MTL_FAST_MATH = YES;
				SDKROOT = macosx;
			};
			name = Release;
		};
		21F5FA24243352EE00E56AF3 /* Debug */ = {
			isa = XCBuildConfiguration;
			buildSettings = {
				CODE_SIGN_STYLE = Automatic;
				PRODUCT_NAME = "$(TARGET_NAME)";
			};
			name = Debug;
		};
		21F5FA25243352EE00E56AF3 /* Release */ = {
			isa = XCBuildConfiguration;
			buildSettings = {
				CODE_SIGN_STYLE = Automatic;
				PRODUCT_NAME = "$(TARGET_NAME)";
			};
			name = Release;
		};
/* End XCBuildConfiguration section */

/* Begin XCConfigurationList section */
		21F5FA17243352EE00E56AF3 /* Build configuration list for PBXProject "A2" */ = {
			isa = XCConfigurationList;
			buildConfigurations = (
				21F5FA21243352EE00E56AF3 /* Debug */,
				21F5FA22243352EE00E56AF3 /* Release */,
			);
			defaultConfigurationIsVisible = 0;
			defaultConfigurationName = Release;
		};
		21F5FA23243352EE00E56AF3 /* Build configuration list for PBXNativeTarget "A2" */ = {
			isa = XCConfigurationList;
			buildConfigurations = (
				21F5FA24243352EE00E56AF3 /* Debug */,
				21F5FA25243352EE00E56AF3 /* Release */,
			);
			defaultConfigurationIsVisible = 0;
			defaultConfigurationName = Release;
		};
/* End XCConfigurationList section */
	};
	rootObject = 21F5FA14243352EE00E56AF3 /* Project object */;
}
